
Microsoft Visual Studio Solution File, Format Version 12.00
# Visual Studio Version 17
VisualStudioVersion = 17.3.32929.385
MinimumVisualStudioVersion = 10.0.40219.1
Project("{FAE04EC0-301F-11D3-BF4B-00C04F79EFBC}") = "WpfBlazor", "WpfBlazor\WpfBlazor.csproj", "{D62C8690-1974-4F94-B479-21E4B978E1DB}"
EndProject
Global
	GlobalSection(SolutionConfigurationPlatforms) = preSolution
		Debug|Any CPU = Debug|Any CPU
		Release|Any CPU = Release|Any CPU
	EndGlobalSection
	GlobalSection(ProjectConfigurationPlatforms) = postSolution
		{D62C8690-1974-4F94-B479-21E4B978E1DB}.Debug|Any CPU.ActiveCfg = Debug|Any CPU
		{D62C8690-1974-4F94-B479-21E4B978E1DB}.Debug|Any CPU.Build.0 = Debug|Any CPU
		{D62C8690-1974-4F94-B479-21E4B978E1DB}.Release|Any CPU.ActiveCfg = Release|Any CPU
		{D62C8690-1974-4F94-B479-21E4B978E1DB}.Release|Any CPU.Build.0 = Release|Any CPU
	EndGlobalSection
	GlobalSection(SolutionProperties) = preSolution
		HideSolutionNode = FALSE
	EndGlobalSection
	GlobalSection(ExtensibilityGlobals) = postSolution
		SolutionGuid = {E465D95B-63AE-4D83-BC1F-2759686BF10D}
	EndGlobalSection
EndGlobal
